
Microsoft Visual Studio Solution File, Format Version 9.00
# Visual Studio 2005
Project("{8BC9CEB8-8B4A-11D0-8D11-00A0C91BC942}") = "Int_Stack", "STACK_QUEUE\STACK_QUEUE.vcproj", "{B4D210B6-DDAD-4C3F-8FB1-B623E52D928F}"
EndProject
Project("{8BC9CEB8-8B4A-11D0-8D11-00A0C91BC942}") = "Q2_1", "Stack_using_linked_list\Stack_using_linked_list.vcproj", "{5E6B304F-E7FD-488B-9E02-BB83EB85FE16}"
EndProject
Project("{8BC9CEB8-8B4A-11D0-8D11-00A0C91BC942}") = "Q2_2", "Q2_2\Q2_2.vcproj", "{4BF40B01-EB7C-48C7-80D9-A8C4E7CE3068}"
EndProject
Global
	GlobalSection(SolutionConfigurationPlatforms) = preSolution
		Debug|Win32 = Debug|Win32
		Release|Win32 = Release|Win32
	EndGlobalSection
	GlobalSection(ProjectConfigurationPlatforms) = postSolution
		{B4D210B6-DDAD-4C3F-8FB1-B623E52D928F}.Debug|Win32.ActiveCfg = Debug|Win32
		{B4D210B6-DDAD-4C3F-8FB1-B623E52D928F}.Debug|Win32.Build.0 = Debug|Win32
		{B4D210B6-DDAD-4C3F-8FB1-B623E52D928F}.Release|Win32.ActiveCfg = Release|Win32
		{B4D210B6-DDAD-4C3F-8FB1-B623E52D928F}.Release|Win32.Build.0 = Release|Win32
		{5E6B304F-E7FD-488B-9E02-BB83EB85FE16}.Debug|Win32.ActiveCfg = Debug|Win32
		{5E6B304F-E7FD-488B-9E02-BB83EB85FE16}.Debug|Win32.Build.0 = Debug|Win32
		{5E6B304F-E7FD-488B-9E02-BB83EB85FE16}.Release|Win32.ActiveCfg = Release|Win32
		{5E6B304F-E7FD-488B-9E02-BB83EB85FE16}.Release|Win32.Build.0 = Release|Win32
		{4BF40B01-EB7C-48C7-80D9-A8C4E7CE3068}.Debug|Win32.ActiveCfg = Debug|Win32
		{4BF40B01-EB7C-48C7-80D9-A8C4E7CE3068}.Debug|Win32.Build.0 = Debug|Win32
		{4BF40B01-EB7C-48C7-80D9-A8C4E7CE3068}.Release|Win32.ActiveCfg = Release|Win32
		{4BF40B01-EB7C-48C7-80D9-A8C4E7CE3068}.Release|Win32.Build.0 = Release|Win32
	EndGlobalSection
	GlobalSection(SolutionProperties) = preSolution
		HideSolutionNode = FALSE
	EndGlobalSection
EndGlobal
